{
  "requires": true,
  "lockfileVersion": 1,
  "dependencies": {
    "simplescrollup": {
      "version": "1.1.0",
      "resolved": "https://registry.npmjs.org/simplescrollup/-/simplescrollup-1.1.0.tgz",
      "integrity": "sha512-/DE7hhpTKWFXXEcF6sOWP5z2tMLFFCh7aC1fw4qCJWo1+CKgPcf8N9TwWlQqHPtK/rs0VzbbXN51gIyhU33RMw=="
    }
  }
}
